
Microsoft Visual Studio Solution File, Format Version 12.00
# Visual Studio Version 16
VisualStudioVersion = 16.0.31424.327
MinimumVisualStudioVersion = 10.0.40219.1
Project("{2150E333-8FDC-42A3-9474-1A3956D46DE8}") = "1-Presentation", "1-Presentation", "{1C7F876C-0C55-4349-8FF3-17FE5CF14B89}"
EndProject
Project("{2150E333-8FDC-42A3-9474-1A3956D46DE8}") = "2-Infra", "2-Infra", "{F3061AA9-E0AF-4DF6-B798-154D8D7B1BBB}"
EndProject
Project("{FAE04EC0-301F-11D3-BF4B-00C04F79EFBC}") = "Infra.Data", "Infra.Data\Infra.Data.csproj", "{BE665505-03BA-4877-B8E9-B8F6E86903CC}"
EndProject
Project("{FAE04EC0-301F-11D3-BF4B-00C04F79EFBC}") = "Presentation.DocspiderTesteUploadDownload", "Presentation.DocspiderTesteUploadDownload\Presentation.DocspiderTesteUploadDownload.csproj", "{52526DDD-E992-4662-9FB5-153A4F20C3D6}"
EndProject
Global
	GlobalSection(SolutionConfigurationPlatforms) = preSolution
		Debug|Any CPU = Debug|Any CPU
		Release|Any CPU = Release|Any CPU
	EndGlobalSection
	GlobalSection(ProjectConfigurationPlatforms) = postSolution
		{BE665505-03BA-4877-B8E9-B8F6E86903CC}.Debug|Any CPU.ActiveCfg = Debug|Any CPU
		{BE665505-03BA-4877-B8E9-B8F6E86903CC}.Debug|Any CPU.Build.0 = Debug|Any CPU
		{BE665505-03BA-4877-B8E9-B8F6E86903CC}.Release|Any CPU.ActiveCfg = Release|Any CPU
		{BE665505-03BA-4877-B8E9-B8F6E86903CC}.Release|Any CPU.Build.0 = Release|Any CPU
		{52526DDD-E992-4662-9FB5-153A4F20C3D6}.Debug|Any CPU.ActiveCfg = Debug|Any CPU
		{52526DDD-E992-4662-9FB5-153A4F20C3D6}.Debug|Any CPU.Build.0 = Debug|Any CPU
		{52526DDD-E992-4662-9FB5-153A4F20C3D6}.Release|Any CPU.ActiveCfg = Release|Any CPU
		{52526DDD-E992-4662-9FB5-153A4F20C3D6}.Release|Any CPU.Build.0 = Release|Any CPU
	EndGlobalSection
	GlobalSection(SolutionProperties) = preSolution
		HideSolutionNode = FALSE
	EndGlobalSection
	GlobalSection(NestedProjects) = preSolution
		{BE665505-03BA-4877-B8E9-B8F6E86903CC} = {F3061AA9-E0AF-4DF6-B798-154D8D7B1BBB}
		{52526DDD-E992-4662-9FB5-153A4F20C3D6} = {1C7F876C-0C55-4349-8FF3-17FE5CF14B89}
	EndGlobalSection
	GlobalSection(ExtensibilityGlobals) = postSolution
		SolutionGuid = {92D55058-6884-4DC5-9624-5065DCD63335}
	EndGlobalSection
EndGlobal
